
Microsoft Visual Studio Solution File, Format Version 12.00
# Visual Studio Version 16
VisualStudioVersion = 16.0.30011.22
MinimumVisualStudioVersion = 10.0.40219.1
Project("{9A19103F-16F7-4668-BE54-9A1E7A4F7556}") = "ServiceBusExample.WebApp", "ServiceBusExample.WebApp\ServiceBusExample.WebApp.csproj", "{D69EA938-70BB-4618-A66E-3B68D934E8C2}"
EndProject
Global
	GlobalSection(SolutionConfigurationPlatforms) = preSolution
		Debug|Any CPU = Debug|Any CPU
		Release|Any CPU = Release|Any CPU
	EndGlobalSection
	GlobalSection(ProjectConfigurationPlatforms) = postSolution
		{D69EA938-70BB-4618-A66E-3B68D934E8C2}.Debug|Any CPU.ActiveCfg = Debug|Any CPU
		{D69EA938-70BB-4618-A66E-3B68D934E8C2}.Debug|Any CPU.Build.0 = Debug|Any CPU
		{D69EA938-70BB-4618-A66E-3B68D934E8C2}.Release|Any CPU.ActiveCfg = Release|Any CPU
		{D69EA938-70BB-4618-A66E-3B68D934E8C2}.Release|Any CPU.Build.0 = Release|Any CPU
	EndGlobalSection
	GlobalSection(SolutionProperties) = preSolution
		HideSolutionNode = FALSE
	EndGlobalSection
	GlobalSection(ExtensibilityGlobals) = postSolution
		SolutionGuid = {B3ED2B16-2F92-48A0-91F6-14091D0ADD66}
	EndGlobalSection
EndGlobal
